
Microsoft Visual Studio Solution File, Format Version 12.00
# Visual Studio Version 17
VisualStudioVersion = 17.4.33213.308
MinimumVisualStudioVersion = 10.0.40219.1
Project("{FAE04EC0-301F-11D3-BF4B-00C04F79EFBC}") = "Todo.Web", "Todo.Web\Todo.Web.csproj", "{A19370D2-6890-48AE-86DD-E776BCDA9D6B}"
EndProject
Project("{FAE04EC0-301F-11D3-BF4B-00C04F79EFBC}") = "Todo.DAL", "Todo.DAL\Todo.DAL.csproj", "{1F7FE371-77DC-4EC4-B633-904ACA8F4F4B}"
EndProject
Project("{FAE04EC0-301F-11D3-BF4B-00C04F79EFBC}") = "Todo.Entities", "Todo.Entities\Todo.Entities.csproj", "{EDFCB168-C058-4DF7-BA8E-3081AC0DE7A0}"
EndProject
Global
	GlobalSection(SolutionConfigurationPlatforms) = preSolution
		Debug|Any CPU = Debug|Any CPU
		Release|Any CPU = Release|Any CPU
	EndGlobalSection
	GlobalSection(ProjectConfigurationPlatforms) = postSolution
		{A19370D2-6890-48AE-86DD-E776BCDA9D6B}.Debug|Any CPU.ActiveCfg = Debug|Any CPU
		{A19370D2-6890-48AE-86DD-E776BCDA9D6B}.Debug|Any CPU.Build.0 = Debug|Any CPU
		{A19370D2-6890-48AE-86DD-E776BCDA9D6B}.Release|Any CPU.ActiveCfg = Release|Any CPU
		{A19370D2-6890-48AE-86DD-E776BCDA9D6B}.Release|Any CPU.Build.0 = Release|Any CPU
		{1F7FE371-77DC-4EC4-B633-904ACA8F4F4B}.Debug|Any CPU.ActiveCfg = Debug|Any CPU
		{1F7FE371-77DC-4EC4-B633-904ACA8F4F4B}.Debug|Any CPU.Build.0 = Debug|Any CPU
		{1F7FE371-77DC-4EC4-B633-904ACA8F4F4B}.Release|Any CPU.ActiveCfg = Release|Any CPU
		{1F7FE371-77DC-4EC4-B633-904ACA8F4F4B}.Release|Any CPU.Build.0 = Release|Any CPU
		{EDFCB168-C058-4DF7-BA8E-3081AC0DE7A0}.Debug|Any CPU.ActiveCfg = Debug|Any CPU
		{EDFCB168-C058-4DF7-BA8E-3081AC0DE7A0}.Debug|Any CPU.Build.0 = Debug|Any CPU
		{EDFCB168-C058-4DF7-BA8E-3081AC0DE7A0}.Release|Any CPU.ActiveCfg = Release|Any CPU
		{EDFCB168-C058-4DF7-BA8E-3081AC0DE7A0}.Release|Any CPU.Build.0 = Release|Any CPU
	EndGlobalSection
	GlobalSection(SolutionProperties) = preSolution
		HideSolutionNode = FALSE
	EndGlobalSection
	GlobalSection(ExtensibilityGlobals) = postSolution
		SolutionGuid = {B2E7CCC4-04D6-474C-9A40-75CDC8D78B0C}
	EndGlobalSection
EndGlobal
